
Microsoft Visual Studio Solution File, Format Version 12.00
# Visual Studio 2013
VisualStudioVersion = 12.0.31206.0
MinimumVisualStudioVersion = 10.0.40219.1
Project("{FAE04EC0-301F-11D3-BF4B-00C04F79EFBC}") = "CSharpGameProgOpenTK", "OpenTK\CSharpGameProgOpenTK.csproj", "{FA00DEFB-1BD3-436D-9526-C7034D66346C}"
EndProject
Project("{FAE04EC0-301F-11D3-BF4B-00C04F79EFBC}") = "CSharpGameProgOpenTK.Tests", "OpenTK.Tests\CSharpGameProgOpenTK.Tests.csproj", "{A2FD9624-4575-4435-B45D-53852C52AFA4}"
EndProject
Global
	GlobalSection(SolutionConfigurationPlatforms) = preSolution
		Debug|Any CPU = Debug|Any CPU
		Release|Any CPU = Release|Any CPU
	EndGlobalSection
	GlobalSection(ProjectConfigurationPlatforms) = postSolution
		{FA00DEFB-1BD3-436D-9526-C7034D66346C}.Debug|Any CPU.ActiveCfg = Debug|Any CPU
		{FA00DEFB-1BD3-436D-9526-C7034D66346C}.Debug|Any CPU.Build.0 = Debug|Any CPU
		{FA00DEFB-1BD3-436D-9526-C7034D66346C}.Release|Any CPU.ActiveCfg = Release|Any CPU
		{FA00DEFB-1BD3-436D-9526-C7034D66346C}.Release|Any CPU.Build.0 = Release|Any CPU
		{A2FD9624-4575-4435-B45D-53852C52AFA4}.Debug|Any CPU.ActiveCfg = Debug|Any CPU
		{A2FD9624-4575-4435-B45D-53852C52AFA4}.Debug|Any CPU.Build.0 = Debug|Any CPU
		{A2FD9624-4575-4435-B45D-53852C52AFA4}.Release|Any CPU.ActiveCfg = Release|Any CPU
		{A2FD9624-4575-4435-B45D-53852C52AFA4}.Release|Any CPU.Build.0 = Release|Any CPU
	EndGlobalSection
	GlobalSection(SolutionProperties) = preSolution
		HideSolutionNode = FALSE
	EndGlobalSection
EndGlobal
